// !$*UTF8*$!
{
	archiveVersion = 1;
	classes = {
	};
	objectVersion = 55;
	objects = {

/* Begin PBXBuildFile section */
		E652772C28B27E7F00721E16 /* ButtonType.swift in Sources */ = {isa = PBXBuildFile; fileRef = E652772B28B27E7F00721E16 /* ButtonType.swift */; };
		E652773028B2821B00721E16 /* Digit.swift in Sources */ = {isa = PBXBuildFile; fileRef = E652772F28B2821B00721E16 /* Digit.swift */; };
		E652773228B2822900721E16 /* Operation.swift in Sources */ = {isa = PBXBuildFile; fileRef = E652773128B2822900721E16 /* Operation.swift */; };
		E652773528B2C32F00721E16 /* CalculatorButtonStyle.swift in Sources */ = {isa = PBXBuildFile; fileRef = E652773428B2C32F00721E16 /* CalculatorButtonStyle.swift */; };
		E652773828B2CA3B00721E16 /* CalculatorButton.swift in Sources */ = {isa = PBXBuildFile; fileRef = E652773728B2CA3B00721E16 /* CalculatorButton.swift */; };
		E652773A28B2DF5400721E16 /* Constants.swift in Sources */ = {isa = PBXBuildFile; fileRef = E652773928B2DF5400721E16 /* Constants.swift */; };
		E652773C28B3215000721E16 /* Calculator.swift in Sources */ = {isa = PBXBuildFile; fileRef = E652773B28B3215000721E16 /* Calculator.swift */; };
		E652773E28B322F300721E16 /* CalculatorViewModel.swift in Sources */ = {isa = PBXBuildFile; fileRef = E652773D28B322F300721E16 /* CalculatorViewModel.swift */; };
		E6A505B728B1DD1100FF96DD /* CalculatorApp.swift in Sources */ = {isa = PBXBuildFile; fileRef = E6A505B628B1DD1100FF96DD /* CalculatorApp.swift */; };
		E6A505BB28B1DD2100FF96DD /* Assets.xcassets in Resources */ = {isa = PBXBuildFile; fileRef = E6A505BA28B1DD2100FF96DD /* Assets.xcassets */; };
		E6A505BE28B1DD2200FF96DD /* Preview Assets.xcassets in Resources */ = {isa = PBXBuildFile; fileRef = E6A505BD28B1DD2200FF96DD /* Preview Assets.xcassets */; };
		E6A505C528B1DE2B00FF96DD /* CalculatorView.swift in Sources */ = {isa = PBXBuildFile; fileRef = E6A505C428B1DE2B00FF96DD /* CalculatorView.swift */; };
/* End PBXBuildFile section */

/* Begin PBXFileReference section */
		E652772B28B27E7F00721E16 /* ButtonType.swift */ = {isa = PBXFileReference; lastKnownFileType = sourcecode.swift; path = ButtonType.swift; sourceTree = "<group>"; };
		E652772F28B2821B00721E16 /* Digit.swift */ = {isa = PBXFileReference; lastKnownFileType = sourcecode.swift; path = Digit.swift; sourceTree = "<group>"; };
		E652773128B2822900721E16 /* Operation.swift */ = {isa = PBXFileReference; lastKnownFileType = sourcecode.swift; path = Operation.swift; sourceTree = "<group>"; };
		E652773428B2C32F00721E16 /* CalculatorButtonStyle.swift */ = {isa = PBXFileReference; lastKnownFileType = sourcecode.swift; path = CalculatorButtonStyle.swift; sourceTree = "<group>"; };
		E652773728B2CA3B00721E16 /* CalculatorButton.swift */ = {isa = PBXFileReference; lastKnownFileType = sourcecode.swift; path = CalculatorButton.swift; sourceTree = "<group>"; };
		E652773928B2DF5400721E16 /* Constants.swift */ = {isa = PBXFileReference; lastKnownFileType = sourcecode.swift; path = Constants.swift; sourceTree = "<group>"; };
		E652773B28B3215000721E16 /* Calculator.swift */ = {isa = PBXFileReference; lastKnownFileType = sourcecode.swift; path = Calculator.swift; sourceTree = "<group>"; };
		E652773D28B322F300721E16 /* CalculatorViewModel.swift */ = {isa = PBXFileReference; lastKnownFileType = sourcecode.swift; path = CalculatorViewModel.swift; sourceTree = "<group>"; };
		E6A505B328B1DD1100FF96DD /* Calculator.app */ = {isa = PBXFileReference; explicitFileType = wrapper.application; includeInIndex = 0; path = Calculator.app; sourceTree = BUILT_PRODUCTS_DIR; };
		E6A505B628B1DD1100FF96DD /* CalculatorApp.swift */ = {isa = PBXFileReference; lastKnownFileType = sourcecode.swift; path = CalculatorApp.swift; sourceTree = "<group>"; };
		E6A505BA28B1DD2100FF96DD /* Assets.xcassets */ = {isa = PBXFileReference; lastKnownFileType = folder.assetcatalog; path = Assets.xcassets; sourceTree = "<group>"; };
		E6A505BD28B1DD2200FF96DD /* Preview Assets.xcassets */ = {isa = PBXFileReference; lastKnownFileType = folder.assetcatalog; path = "Preview Assets.xcassets"; sourceTree = "<group>"; };
		E6A505C428B1DE2B00FF96DD /* CalculatorView.swift */ = {isa = PBXFileReference; lastKnownFileType = sourcecode.swift; path = CalculatorView.swift; sourceTree = "<group>"; };
/* End PBXFileReference section */

/* Begin PBXFrameworksBuildPhase section */
		E6A505B028B1DD1100FF96DD /* Frameworks */ = {
			isa = PBXFrameworksBuildPhase;
			buildActionMask = 2147483647;
			files = (
			);
			runOnlyForDeploymentPostprocessing = 0;
		};
/* End PBXFrameworksBuildPhase section */

/* Begin PBXGroup section */
		E652772D28B27F0400721E16 /* Models */ = {
			isa = PBXGroup;
			children = (
				E652772B28B27E7F00721E16 /* ButtonType.swift */,
				E652772F28B2821B00721E16 /* Digit.swift */,
				E652773128B2822900721E16 /* Operation.swift */,
				E652773B28B3215000721E16 /* Calculator.swift */,
			);
			path = Models;
			sourceTree = "<group>";
		};
		E652772E28B27F1400721E16 /* Views */ = {
			isa = PBXGroup;
			children = (
				E6A505C428B1DE2B00FF96DD /* CalculatorView.swift */,
				E652773D28B322F300721E16 /* CalculatorViewModel.swift */,
				E652773628B2CA2300721E16 /* Components */,
			);
			path = Views;
			sourceTree = "<group>";
		};
		E652773328B2C2F600721E16 /* Styles */ = {
			isa = PBXGroup;
			children = (
				E652773428B2C32F00721E16 /* CalculatorButtonStyle.swift */,
			);
			path = Styles;
			sourceTree = "<group>";
		};
		E652773628B2CA2300721E16 /* Components */ = {
			isa = PBXGroup;
			children = (
				E652773728B2CA3B00721E16 /* CalculatorButton.swift */,
			);
			path = Components;
			sourceTree = "<group>";
		};
		E6A505AA28B1DD1100FF96DD = {
			isa = PBXGroup;
			children = (
				E6A505B528B1DD1100FF96DD /* Calculator */,
				E6A505B428B1DD1100FF96DD /* Products */,
			);
			sourceTree = "<group>";
		};
		E6A505B428B1DD1100FF96DD /* Products */ = {
			isa = PBXGroup;
			children = (
				E6A505B328B1DD1100FF96DD /* Calculator.app */,
			);
			name = Products;
			sourceTree = "<group>";
		};
		E6A505B528B1DD1100FF96DD /* Calculator */ = {
			isa = PBXGroup;
			children = (
				E6A505B628B1DD1100FF96DD /* CalculatorApp.swift */,
				E652773928B2DF5400721E16 /* Constants.swift */,
				E652772E28B27F1400721E16 /* Views */,
				E652773328B2C2F600721E16 /* Styles */,
				E652772D28B27F0400721E16 /* Models */,
				E6A505BA28B1DD2100FF96DD /* Assets.xcassets */,
				E6A505BC28B1DD2200FF96DD /* Preview Content */,
			);
			path = Calculator;
			sourceTree = "<group>";
		};
		E6A505BC28B1DD2200FF96DD /* Preview Content */ = {
			isa = PBXGroup;
			children = (
				E6A505BD28B1DD2200FF96DD /* Preview Assets.xcassets */,
			);
			path = "Preview Content";
			sourceTree = "<group>";
		};
/* End PBXGroup section */

/* Begin PBXNativeTarget section */
		E6A505B228B1DD1100FF96DD /* Calculator */ = {
			isa = PBXNativeTarget;
			buildConfigurationList = E6A505C128B1DD2200FF96DD /* Build configuration list for PBXNativeTarget "Calculator" */;
			buildPhases = (
				E6A505AF28B1DD1100FF96DD /* Sources */,
				E6A505B028B1DD1100FF96DD /* Frameworks */,
				E6A505B128B1DD1100FF96DD /* Resources */,
			);
			buildRules = (
			);
			dependencies = (
			);
			name = Calculator;
			productName = Calculator;
			productReference = E6A505B328B1DD1100FF96DD /* Calculator.app */;
			productType = "com.apple.product-type.application";
		};
/* End PBXNativeTarget section */

/* Begin PBXProject section */
		E6A505AB28B1DD1100FF96DD /* Project object */ = {
			isa = PBXProject;
			attributes = {
				BuildIndependentTargetsInParallel = 1;
				LastSwiftUpdateCheck = 1340;
				LastUpgradeCheck = 1340;
				TargetAttributes = {
					E6A505B228B1DD1100FF96DD = {
						CreatedOnToolsVersion = 13.4.1;
					};
				};
			};
			buildConfigurationList = E6A505AE28B1DD1100FF96DD /* Build configuration list for PBXProject "Calculator" */;
			compatibilityVersion = "Xcode 13.0";
			developmentRegion = en;
			hasScannedForEncodings = 0;
			knownRegions = (
				en,
				Base,
			);
			mainGroup = E6A505AA28B1DD1100FF96DD;
			productRefGroup = E6A505B428B1DD1100FF96DD /* Products */;
			projectDirPath = "";
			projectRoot = "";
			targets = (
				E6A505B228B1DD1100FF96DD /* Calculator */,
			);
		};
/* End PBXProject section */

/* Begin PBXResourcesBuildPhase section */
		E6A505B128B1DD1100FF96DD /* Resources */ = {
			isa = PBXResourcesBuildPhase;
			buildActionMask = 2147483647;
			files = (
				E6A505BE28B1DD2200FF96DD /* Preview Assets.xcassets in Resources */,
				E6A505BB28B1DD2100FF96DD /* Assets.xcassets in Resources */,
			);
			runOnlyForDeploymentPostprocessing = 0;
		};
/* End PBXResourcesBuildPhase section */

/* Begin PBXSourcesBuildPhase section */
		E6A505AF28B1DD1100FF96DD /* Sources */ = {
			isa = PBXSourcesBuildPhase;
			buildActionMask = 2147483647;
			files = (
				E6A505C528B1DE2B00FF96DD /* CalculatorView.swift in Sources */,
				E652773828B2CA3B00721E16 /* CalculatorButton.swift in Sources */,
				E652772C28B27E7F00721E16 /* ButtonType.swift in Sources */,
				E6A505B728B1DD1100FF96DD /* CalculatorApp.swift in Sources */,
				E652773E28B322F300721E16 /* CalculatorViewModel.swift in Sources */,
				E652773528B2C32F00721E16 /* CalculatorButtonStyle.swift in Sources */,
				E652773C28B3215000721E16 /* Calculator.swift in Sources */,
				E652773228B2822900721E16 /* Operation.swift in Sources */,
				E652773028B2821B00721E16 /* Digit.swift in Sources */,
				E652773A28B2DF5400721E16 /* Constants.swift in Sources */,
			);
			runOnlyForDeploymentPostprocessing = 0;
		};
/* End PBXSourcesBuildPhase section */

/* Begin XCBuildConfiguration section */
		E6A505BF28B1DD2200FF96DD /* Debug */ = {
			isa = XCBuildConfiguration;
			buildSettings = {
				ALWAYS_SEARCH_USER_PATHS = NO;
				CLANG_ANALYZER_NONNULL = YES;
				CLANG_ANALYZER_NUMBER_OBJECT_CONVERSION = YES_AGGRESSIVE;
				CLANG_CXX_LANGUAGE_STANDARD = "gnu++17";
				CLANG_ENABLE_MODULES = YES;
				CLANG_ENABLE_OBJC_ARC = YES;
				CLANG_ENABLE_OBJC_WEAK = YES;
				CLANG_WARN_BLOCK_CAPTURE_AUTORELEASING = YES;
				CLANG_WARN_BOOL_CONVERSION = YES;
				CLANG_WARN_COMMA = YES;
				CLANG_WARN_CONSTANT_CONVERSION = YES;
				CLANG_WARN_DEPRECATED_OBJC_IMPLEMENTATIONS = YES;
				CLANG_WARN_DIRECT_OBJC_ISA_USAGE = YES_ERROR;
				CLANG_WARN_DOCUMENTATION_COMMENTS = YES;
				CLANG_WARN_EMPTY_BODY = YES;
				CLANG_WARN_ENUM_CONVERSION = YES;
				CLANG_WARN_INFINITE_RECURSION = YES;
				CLANG_WARN_INT_CONVERSION = YES;
				CLANG_WARN_NON_LITERAL_NULL_CONVERSION = YES;
				CLANG_WARN_OBJC_IMPLICIT_RETAIN_SELF = YES;
				CLANG_WARN_OBJC_LITERAL_CONVERSION = YES;
				CLANG_WARN_OBJC_ROOT_CLASS = YES_ERROR;
				CLANG_WARN_QUOTED_INCLUDE_IN_FRAMEWORK_HEADER = YES;
				CLANG_WARN_RANGE_LOOP_ANALYSIS = YES;
				CLANG_WARN_STRICT_PROTOTYPES = YES;
				CLANG_WARN_SUSPICIOUS_MOVE = YES;
				CLANG_WARN_UNGUARDED_AVAILABILITY = YES_AGGRESSIVE;
				CLANG_WARN_UNREACHABLE_CODE = YES;
				CLANG_WARN__DUPLICATE_METHOD_MATCH = YES;
				COPY_PHASE_STRIP = NO;
				DEBUG_INFORMATION_FORMAT = dwarf;
				ENABLE_STRICT_OBJC_MSGSEND = YES;
				ENABLE_TESTABILITY = YES;
				GCC_C_LANGUAGE_STANDARD = gnu11;
				GCC_DYNAMIC_NO_PIC = NO;
				GCC_NO_COMMON_BLOCKS = YES;
				GCC_OPTIMIZATION_LEVEL = 0;
				GCC_PREPROCESSOR_DEFINITIONS = (
					"DEBUG=1",
					"$(inherited)",
				);
				GCC_WARN_64_TO_32_BIT_CONVERSION = YES;
				GCC_WARN_ABOUT_RETURN_TYPE = YES_ERROR;
				GCC_WARN_UNDECLARED_SELECTOR = YES;
				GCC_WARN_UNINITIALIZED_AUTOS = YES_AGGRESSIVE;
				GCC_WARN_UNUSED_FUNCTION = YES;
				GCC_WARN_UNUSED_VARIABLE = YES;
				IPHONEOS_DEPLOYMENT_TARGET = 15.5;
				MTL_ENABLE_DEBUG_INFO = INCLUDE_SOURCE;
				MTL_FAST_MATH = YES;
				ONLY_ACTIVE_ARCH = YES;
				SDKROOT = iphoneos;
				SWIFT_ACTIVE_COMPILATION_CONDITIONS = DEBUG;
				SWIFT_OPTIMIZATION_LEVEL = "-Onone";
			};
			name = Debug;
		};
		E6A505C028B1DD2200FF96DD /* Release */ = {
			isa = XCBuildConfiguration;
			buildSettings = {
				ALWAYS_SEARCH_USER_PATHS = NO;
				CLANG_ANALYZER_NONNULL = YES;
				CLANG_ANALYZER_NUMBER_OBJECT_CONVERSION = YES_AGGRESSIVE;
				CLANG_CXX_LANGUAGE_STANDARD = "gnu++17";
				CLANG_ENABLE_MODULES = YES;
				CLANG_ENABLE_OBJC_ARC = YES;
				CLANG_ENABLE_OBJC_WEAK = YES;
				CLANG_WARN_BLOCK_CAPTURE_AUTORELEASING = YES;
				CLANG_WARN_BOOL_CONVERSION = YES;
				CLANG_WARN_COMMA = YES;
				CLANG_WARN_CONSTANT_CONVERSION = YES;
				CLANG_WARN_DEPRECATED_OBJC_IMPLEMENTATIONS = YES;
				CLANG_WARN_DIRECT_OBJC_ISA_USAGE = YES_ERROR;
				CLANG_WARN_DOCUMENTATION_COMMENTS = YES;
				CLANG_WARN_EMPTY_BODY = YES;
				CLANG_WARN_ENUM_CONVERSION = YES;
				CLANG_WARN_INFINITE_RECURSION = YES;
				CLANG_WARN_INT_CONVERSION = YES;
				CLANG_WARN_NON_LITERAL_NULL_CONVERSION = YES;
				CLANG_WARN_OBJC_IMPLICIT_RETAIN_SELF = YES;
				CLANG_WARN_OBJC_LITERAL_CONVERSION = YES;
				CLANG_WARN_OBJC_ROOT_CLASS = YES_ERROR;
				CLANG_WARN_QUOTED_INCLUDE_IN_FRAMEWORK_HEADER = YES;
				CLANG_WARN_RANGE_LOOP_ANALYSIS = YES;
				CLANG_WARN_STRICT_PROTOTYPES = YES;
				CLANG_WARN_SUSPICIOUS_MOVE = YES;
				CLANG_WARN_UNGUARDED_AVAILABILITY = YES_AGGRESSIVE;
				CLANG_WARN_UNREACHABLE_CODE = YES;
				CLANG_WARN__DUPLICATE_METHOD_MATCH = YES;
				COPY_PHASE_STRIP = NO;
				DEBUG_INFORMATION_FORMAT = "dwarf-with-dsym";
				ENABLE_NS_ASSERTIONS = NO;
				ENABLE_STRICT_OBJC_MSGSEND = YES;
				GCC_C_LANGUAGE_STANDARD = gnu11;
				GCC_NO_COMMON_BLOCKS = YES;
				GCC_WARN_64_TO_32_BIT_CONVERSION = YES;
				GCC_WARN_ABOUT_RETURN_TYPE = YES_ERROR;
				GCC_WARN_UNDECLARED_SELECTOR = YES;
				GCC_WARN_UNINITIALIZED_AUTOS = YES_AGGRESSIVE;
				GCC_WARN_UNUSED_FUNCTION = YES;
				GCC_WARN_UNUSED_VARIABLE = YES;
				IPHONEOS_DEPLOYMENT_TARGET = 15.5;
				MTL_ENABLE_DEBUG_INFO = NO;
				MTL_FAST_MATH = YES;
				SDKROOT = iphoneos;
				SWIFT_COMPILATION_MODE = wholemodule;
				SWIFT_OPTIMIZATION_LEVEL = "-O";
				VALIDATE_PRODUCT = YES;
			};
			name = Release;
		};
		E6A505C228B1DD2200FF96DD /* Debug */ = {
			isa = XCBuildConfiguration;
			buildSettings = {
				ASSETCATALOG_COMPILER_APPICON_NAME = AppIcon;
				ASSETCATALOG_COMPILER_GLOBAL_ACCENT_COLOR_NAME = AccentColor;
				CODE_SIGN_STYLE = Automatic;
				CURRENT_PROJECT_VERSION = 1;
				DEVELOPMENT_ASSET_PATHS = "\"Calculator/Preview Content\"";
				ENABLE_PREVIEWS = YES;
				GENERATE_INFOPLIST_FILE = YES;
				INFOPLIST_KEY_UIApplicationSceneManifest_Generation = YES;
				INFOPLIST_KEY_UIApplicationSupportsIndirectInputEvents = YES;
				INFOPLIST_KEY_UILaunchScreen_Generation = YES;
				INFOPLIST_KEY_UISupportedInterfaceOrientations_iPad = "UIInterfaceOrientationPortrait UIInterfaceOrientationPortraitUpsideDown UIInterfaceOrientationLandscapeLeft UIInterfaceOrientationLandscapeRight";
				INFOPLIST_KEY_UISupportedInterfaceOrientations_iPhone = "UIInterfaceOrientationPortrait UIInterfaceOrientationLandscapeLeft UIInterfaceOrientationLandscapeRight";
				LD_RUNPATH_SEARCH_PATHS = (
					"$(inherited)",
					"@executable_path/Frameworks",
				);
				MARKETING_VERSION = 1.0;
				PRODUCT_BUNDLE_IDENTIFIER = MSem.Calculator;
				PRODUCT_NAME = "$(TARGET_NAME)";
				SWIFT_EMIT_LOC_STRINGS = YES;
				SWIFT_VERSION = 5.0;
				TARGETED_DEVICE_FAMILY = "1,2";
			};
			name = Debug;
		};
		E6A505C328B1DD2200FF96DD /* Release */ = {
			isa = XCBuildConfiguration;
			buildSettings = {
				ASSETCATALOG_COMPILER_APPICON_NAME = AppIcon;
				ASSETCATALOG_COMPILER_GLOBAL_ACCENT_COLOR_NAME = AccentColor;
				CODE_SIGN_STYLE = Automatic;
				CURRENT_PROJECT_VERSION = 1;
				DEVELOPMENT_ASSET_PATHS = "\"Calculator/Preview Content\"";
				ENABLE_PREVIEWS = YES;
				GENERATE_INFOPLIST_FILE = YES;
				INFOPLIST_KEY_UIApplicationSceneManifest_Generation = YES;
				INFOPLIST_KEY_UIApplicationSupportsIndirectInputEvents = YES;
				INFOPLIST_KEY_UILaunchScreen_Generation = YES;
				INFOPLIST_KEY_UISupportedInterfaceOrientations_iPad = "UIInterfaceOrientationPortrait UIInterfaceOrientationPortraitUpsideDown UIInterfaceOrientationLandscapeLeft UIInterfaceOrientationLandscapeRight";
				INFOPLIST_KEY_UISupportedInterfaceOrientations_iPhone = "UIInterfaceOrientationPortrait UIInterfaceOrientationLandscapeLeft UIInterfaceOrientationLandscapeRight";
				LD_RUNPATH_SEARCH_PATHS = (
					"$(inherited)",
					"@executable_path/Frameworks",
				);
				MARKETING_VERSION = 1.0;
				PRODUCT_BUNDLE_IDENTIFIER = MSem.Calculator;
				PRODUCT_NAME = "$(TARGET_NAME)";
				SWIFT_EMIT_LOC_STRINGS = YES;
				SWIFT_VERSION = 5.0;
				TARGETED_DEVICE_FAMILY = "1,2";
			};
			name = Release;
		};
/* End XCBuildConfiguration section */

/* Begin XCConfigurationList section */
		E6A505AE28B1DD1100FF96DD /* Build configuration list for PBXProject "Calculator" */ = {
			isa = XCConfigurationList;
			buildConfigurations = (
				E6A505BF28B1DD2200FF96DD /* Debug */,
				E6A505C028B1DD2200FF96DD /* Release */,
			);
			defaultConfigurationIsVisible = 0;
			defaultConfigurationName = Release;
		};
		E6A505C128B1DD2200FF96DD /* Build configuration list for PBXNativeTarget "Calculator" */ = {
			isa = XCConfigurationList;
			buildConfigurations = (
				E6A505C228B1DD2200FF96DD /* Debug */,
				E6A505C328B1DD2200FF96DD /* Release */,
			);
			defaultConfigurationIsVisible = 0;
			defaultConfigurationName = Release;
		};
/* End XCConfigurationList section */
	};
	rootObject = E6A505AB28B1DD1100FF96DD /* Project object */;
}
